// !$*UTF8*$!
{
	archiveVersion = 1;
	classes = {
	};
	objectVersion = 46;
	objects = {

/* Begin PBXBuildFile section */
		542547EE1F725C4B00101660 /* main.m in Sources */ = {isa = PBXBuildFile; fileRef = 542547ED1F725C4B00101660 /* main.m */; };
		542547F11F725C4B00101660 /* AppDelegate.m in Sources */ = {isa = PBXBuildFile; fileRef = 542547F01F725C4B00101660 /* AppDelegate.m */; };
		542547F41F725C4B00101660 /* ViewController.m in Sources */ = {isa = PBXBuildFile; fileRef = 542547F31F725C4B00101660 /* ViewController.m */; };
		542547F71F725C4B00101660 /* Main.storyboard in Resources */ = {isa = PBXBuildFile; fileRef = 542547F51F725C4B00101660 /* Main.storyboard */; };
		542547F91F725C4B00101660 /* Assets.xcassets in Resources */ = {isa = PBXBuildFile; fileRef = 542547F81F725C4B00101660 /* Assets.xcassets */; };
		542547FC1F725C4B00101660 /* LaunchScreen.storyboard in Resources */ = {isa = PBXBuildFile; fileRef = 542547FA1F725C4B00101660 /* LaunchScreen.storyboard */; };
		542548071F725C4C00101660 /* RecordingButtonTests.m in Sources */ = {isa = PBXBuildFile; fileRef = 542548061F725C4C00101660 /* RecordingButtonTests.m */; };
		542548121F725C4C00101660 /* RecordingButtonUITests.m in Sources */ = {isa = PBXBuildFile; fileRef = 542548111F725C4C00101660 /* RecordingButtonUITests.m */; };
		542548211F7281B800101660 /* LeafCameraRecordingButton.m in Sources */ = {isa = PBXBuildFile; fileRef = 542548201F7281B800101660 /* LeafCameraRecordingButton.m */; };
/* End PBXBuildFile section */

/* Begin PBXContainerItemProxy section */
		542548031F725C4C00101660 /* PBXContainerItemProxy */ = {
			isa = PBXContainerItemProxy;
			containerPortal = 542547E11F725C4B00101660 /* Project object */;
			proxyType = 1;
			remoteGlobalIDString = 542547E81F725C4B00101660;
			remoteInfo = RecordingButton;
		};
		5425480E1F725C4C00101660 /* PBXContainerItemProxy */ = {
			isa = PBXContainerItemProxy;
			containerPortal = 542547E11F725C4B00101660 /* Project object */;
			proxyType = 1;
			remoteGlobalIDString = 542547E81F725C4B00101660;
			remoteInfo = RecordingButton;
		};
/* End PBXContainerItemProxy section */

/* Begin PBXFileReference section */
		542547E91F725C4B00101660 /* RecordingButton.app */ = {isa = PBXFileReference; explicitFileType = wrapper.application; includeInIndex = 0; path = RecordingButton.app; sourceTree = BUILT_PRODUCTS_DIR; };
		542547ED1F725C4B00101660 /* main.m */ = {isa = PBXFileReference; lastKnownFileType = sourcecode.c.objc; path = main.m; sourceTree = "<group>"; };
		542547EF1F725C4B00101660 /* AppDelegate.h */ = {isa = PBXFileReference; lastKnownFileType = sourcecode.c.h; path = AppDelegate.h; sourceTree = "<group>"; };
		542547F01F725C4B00101660 /* AppDelegate.m */ = {isa = PBXFileReference; lastKnownFileType = sourcecode.c.objc; path = AppDelegate.m; sourceTree = "<group>"; };
		542547F21F725C4B00101660 /* ViewController.h */ = {isa = PBXFileReference; lastKnownFileType = sourcecode.c.h; path = ViewController.h; sourceTree = "<group>"; };
		542547F31F725C4B00101660 /* ViewController.m */ = {isa = PBXFileReference; lastKnownFileType = sourcecode.c.objc; path = ViewController.m; sourceTree = "<group>"; };
		542547F61F725C4B00101660 /* Base */ = {isa = PBXFileReference; lastKnownFileType = file.storyboard; name = Base; path = Base.lproj/Main.storyboard; sourceTree = "<group>"; };
		542547F81F725C4B00101660 /* Assets.xcassets */ = {isa = PBXFileReference; lastKnownFileType = folder.assetcatalog; path = Assets.xcassets; sourceTree = "<group>"; };
		542547FB1F725C4B00101660 /* Base */ = {isa = PBXFileReference; lastKnownFileType = file.storyboard; name = Base; path = Base.lproj/LaunchScreen.storyboard; sourceTree = "<group>"; };
		542547FD1F725C4B00101660 /* Info.plist */ = {isa = PBXFileReference; lastKnownFileType = text.plist.xml; path = Info.plist; sourceTree = "<group>"; };
		542548021F725C4C00101660 /* RecordingButtonTests.xctest */ = {isa = PBXFileReference; explicitFileType = wrapper.cfbundle; includeInIndex = 0; path = RecordingButtonTests.xctest; sourceTree = BUILT_PRODUCTS_DIR; };
		542548061F725C4C00101660 /* RecordingButtonTests.m */ = {isa = PBXFileReference; lastKnownFileType = sourcecode.c.objc; path = RecordingButtonTests.m; sourceTree = "<group>"; };
		542548081F725C4C00101660 /* Info.plist */ = {isa = PBXFileReference; lastKnownFileType = text.plist.xml; path = Info.plist; sourceTree = "<group>"; };
		5425480D1F725C4C00101660 /* RecordingButtonUITests.xctest */ = {isa = PBXFileReference; explicitFileType = wrapper.cfbundle; includeInIndex = 0; path = RecordingButtonUITests.xctest; sourceTree = BUILT_PRODUCTS_DIR; };
		542548111F725C4C00101660 /* RecordingButtonUITests.m */ = {isa = PBXFileReference; lastKnownFileType = sourcecode.c.objc; path = RecordingButtonUITests.m; sourceTree = "<group>"; };
		542548131F725C4C00101660 /* Info.plist */ = {isa = PBXFileReference; lastKnownFileType = text.plist.xml; path = Info.plist; sourceTree = "<group>"; };
		5425481F1F7281B800101660 /* LeafCameraRecordingButton.h */ = {isa = PBXFileReference; fileEncoding = 4; lastKnownFileType = sourcecode.c.h; path = LeafCameraRecordingButton.h; sourceTree = "<group>"; };
		542548201F7281B800101660 /* LeafCameraRecordingButton.m */ = {isa = PBXFileReference; fileEncoding = 4; lastKnownFileType = sourcecode.c.objc; path = LeafCameraRecordingButton.m; sourceTree = "<group>"; };
/* End PBXFileReference section */

/* Begin PBXFrameworksBuildPhase section */
		542547E61F725C4B00101660 /* Frameworks */ = {
			isa = PBXFrameworksBuildPhase;
			buildActionMask = 2147483647;
			files = (
			);
			runOnlyForDeploymentPostprocessing = 0;
		};
		542547FF1F725C4C00101660 /* Frameworks */ = {
			isa = PBXFrameworksBuildPhase;
			buildActionMask = 2147483647;
			files = (
			);
			runOnlyForDeploymentPostprocessing = 0;
		};
		5425480A1F725C4C00101660 /* Frameworks */ = {
			isa = PBXFrameworksBuildPhase;
			buildActionMask = 2147483647;
			files = (
			);
			runOnlyForDeploymentPostprocessing = 0;
		};
/* End PBXFrameworksBuildPhase section */

/* Begin PBXGroup section */
		542547E01F725C4B00101660 = {
			isa = PBXGroup;
			children = (
				542547EB1F725C4B00101660 /* RecordingButton */,
				542548051F725C4C00101660 /* RecordingButtonTests */,
				542548101F725C4C00101660 /* RecordingButtonUITests */,
				542547EA1F725C4B00101660 /* Products */,
			);
			sourceTree = "<group>";
		};
		542547EA1F725C4B00101660 /* Products */ = {
			isa = PBXGroup;
			children = (
				542547E91F725C4B00101660 /* RecordingButton.app */,
				542548021F725C4C00101660 /* RecordingButtonTests.xctest */,
				5425480D1F725C4C00101660 /* RecordingButtonUITests.xctest */,
			);
			name = Products;
			sourceTree = "<group>";
		};
		542547EB1F725C4B00101660 /* RecordingButton */ = {
			isa = PBXGroup;
			children = (
				542547EF1F725C4B00101660 /* AppDelegate.h */,
				542547F01F725C4B00101660 /* AppDelegate.m */,
				5425481F1F7281B800101660 /* LeafCameraRecordingButton.h */,
				542548201F7281B800101660 /* LeafCameraRecordingButton.m */,
				542547F21F725C4B00101660 /* ViewController.h */,
				542547F31F725C4B00101660 /* ViewController.m */,
				542547F51F725C4B00101660 /* Main.storyboard */,
				542547F81F725C4B00101660 /* Assets.xcassets */,
				542547FA1F725C4B00101660 /* LaunchScreen.storyboard */,
				542547FD1F725C4B00101660 /* Info.plist */,
				542547EC1F725C4B00101660 /* Supporting Files */,
			);
			path = RecordingButton;
			sourceTree = "<group>";
		};
		542547EC1F725C4B00101660 /* Supporting Files */ = {
			isa = PBXGroup;
			children = (
				542547ED1F725C4B00101660 /* main.m */,
			);
			name = "Supporting Files";
			sourceTree = "<group>";
		};
		542548051F725C4C00101660 /* RecordingButtonTests */ = {
			isa = PBXGroup;
			children = (
				542548061F725C4C00101660 /* RecordingButtonTests.m */,
				542548081F725C4C00101660 /* Info.plist */,
			);
			path = RecordingButtonTests;
			sourceTree = "<group>";
		};
		542548101F725C4C00101660 /* RecordingButtonUITests */ = {
			isa = PBXGroup;
			children = (
				542548111F725C4C00101660 /* RecordingButtonUITests.m */,
				542548131F725C4C00101660 /* Info.plist */,
			);
			path = RecordingButtonUITests;
			sourceTree = "<group>";
		};
/* End PBXGroup section */

/* Begin PBXNativeTarget section */
		542547E81F725C4B00101660 /* RecordingButton */ = {
			isa = PBXNativeTarget;
			buildConfigurationList = 542548161F725C4C00101660 /* Build configuration list for PBXNativeTarget "RecordingButton" */;
			buildPhases = (
				542547E51F725C4B00101660 /* Sources */,
				542547E61F725C4B00101660 /* Frameworks */,
				542547E71F725C4B00101660 /* Resources */,
			);
			buildRules = (
			);
			dependencies = (
			);
			name = RecordingButton;
			productName = RecordingButton;
			productReference = 542547E91F725C4B00101660 /* RecordingButton.app */;
			productType = "com.apple.product-type.application";
		};
		542548011F725C4C00101660 /* RecordingButtonTests */ = {
			isa = PBXNativeTarget;
			buildConfigurationList = 542548191F725C4C00101660 /* Build configuration list for PBXNativeTarget "RecordingButtonTests" */;
			buildPhases = (
				542547FE1F725C4C00101660 /* Sources */,
				542547FF1F725C4C00101660 /* Frameworks */,
				542548001F725C4C00101660 /* Resources */,
			);
			buildRules = (
			);
			dependencies = (
				542548041F725C4C00101660 /* PBXTargetDependency */,
			);
			name = RecordingButtonTests;
			productName = RecordingButtonTests;
			productReference = 542548021F725C4C00101660 /* RecordingButtonTests.xctest */;
			productType = "com.apple.product-type.bundle.unit-test";
		};
		5425480C1F725C4C00101660 /* RecordingButtonUITests */ = {
			isa = PBXNativeTarget;
			buildConfigurationList = 5425481C1F725C4C00101660 /* Build configuration list for PBXNativeTarget "RecordingButtonUITests" */;
			buildPhases = (
				542548091F725C4C00101660 /* Sources */,
				5425480A1F725C4C00101660 /* Frameworks */,
				5425480B1F725C4C00101660 /* Resources */,
			);
			buildRules = (
			);
			dependencies = (
				5425480F1F725C4C00101660 /* PBXTargetDependency */,
			);
			name = RecordingButtonUITests;
			productName = RecordingButtonUITests;
			productReference = 5425480D1F725C4C00101660 /* RecordingButtonUITests.xctest */;
			productType = "com.apple.product-type.bundle.ui-testing";
		};
/* End PBXNativeTarget section */

/* Begin PBXProject section */
		542547E11F725C4B00101660 /* Project object */ = {
			isa = PBXProject;
			attributes = {
				LastUpgradeCheck = 0830;
				ORGANIZATIONNAME = liqian;
				TargetAttributes = {
					542547E81F725C4B00101660 = {
						CreatedOnToolsVersion = 8.3.2;
						DevelopmentTeam = RGDV65S23C;
						ProvisioningStyle = Automatic;
					};
					542548011F725C4C00101660 = {
						CreatedOnToolsVersion = 8.3.2;
						ProvisioningStyle = Automatic;
						TestTargetID = 542547E81F725C4B00101660;
					};
					5425480C1F725C4C00101660 = {
						CreatedOnToolsVersion = 8.3.2;
						ProvisioningStyle = Automatic;
						TestTargetID = 542547E81F725C4B00101660;
					};
				};
			};
			buildConfigurationList = 542547E41F725C4B00101660 /* Build configuration list for PBXProject "RecordingButton" */;
			compatibilityVersion = "Xcode 3.2";
			developmentRegion = English;
			hasScannedForEncodings = 0;
			knownRegions = (
				en,
				Base,
			);
			mainGroup = 542547E01F725C4B00101660;
			productRefGroup = 542547EA1F725C4B00101660 /* Products */;
			projectDirPath = "";
			projectRoot = "";
			targets = (
				542547E81F725C4B00101660 /* RecordingButton */,
				542548011F725C4C00101660 /* RecordingButtonTests */,
				5425480C1F725C4C00101660 /* RecordingButtonUITests */,
			);
		};
/* End PBXProject section */

/* Begin PBXResourcesBuildPhase section */
		542547E71F725C4B00101660 /* Resources */ = {
			isa = PBXResourcesBuildPhase;
			buildActionMask = 2147483647;
			files = (
				542547FC1F725C4B00101660 /* LaunchScreen.storyboard in Resources */,
				542547F91F725C4B00101660 /* Assets.xcassets in Resources */,
				542547F71F725C4B00101660 /* Main.storyboard in Resources */,
			);
			runOnlyForDeploymentPostprocessing = 0;
		};
		542548001F725C4C00101660 /* Resources */ = {
			isa = PBXResourcesBuildPhase;
			buildActionMask = 2147483647;
			files = (
			);
			runOnlyForDeploymentPostprocessing = 0;
		};
		5425480B1F725C4C00101660 /* Resources */ = {
			isa = PBXResourcesBuildPhase;
			buildActionMask = 2147483647;
			files = (
			);
			runOnlyForDeploymentPostprocessing = 0;
		};
/* End PBXResourcesBuildPhase section */

/* Begin PBXSourcesBuildPhase section */
		542547E51F725C4B00101660 /* Sources */ = {
			isa = PBXSourcesBuildPhase;
			buildActionMask = 2147483647;
			files = (
				542548211F7281B800101660 /* LeafCameraRecordingButton.m in Sources */,
				542547F41F725C4B00101660 /* ViewController.m in Sources */,
				542547F11F725C4B00101660 /* AppDelegate.m in Sources */,
				542547EE1F725C4B00101660 /* main.m in Sources */,
			);
			runOnlyForDeploymentPostprocessing = 0;
		};
		542547FE1F725C4C00101660 /* Sources */ = {
			isa = PBXSourcesBuildPhase;
			buildActionMask = 2147483647;
			files = (
				542548071F725C4C00101660 /* RecordingButtonTests.m in Sources */,
			);
			runOnlyForDeploymentPostprocessing = 0;
		};
		542548091F725C4C00101660 /* Sources */ = {
			isa = PBXSourcesBuildPhase;
			buildActionMask = 2147483647;
			files = (
				542548121F725C4C00101660 /* RecordingButtonUITests.m in Sources */,
			);
			runOnlyForDeploymentPostprocessing = 0;
		};
/* End PBXSourcesBuildPhase section */

/* Begin PBXTargetDependency section */
		542548041F725C4C00101660 /* PBXTargetDependency */ = {
			isa = PBXTargetDependency;
			target = 542547E81F725C4B00101660 /* RecordingButton */;
			targetProxy = 542548031F725C4C00101660 /* PBXContainerItemProxy */;
		};
		5425480F1F725C4C00101660 /* PBXTargetDependency */ = {
			isa = PBXTargetDependency;
			target = 542547E81F725C4B00101660 /* RecordingButton */;
			targetProxy = 5425480E1F725C4C00101660 /* PBXContainerItemProxy */;
		};
/* End PBXTargetDependency section */

/* Begin PBXVariantGroup section */
		542547F51F725C4B00101660 /* Main.storyboard */ = {
			isa = PBXVariantGroup;
			children = (
				542547F61F725C4B00101660 /* Base */,
			);
			name = Main.storyboard;
			sourceTree = "<group>";
		};
		542547FA1F725C4B00101660 /* LaunchScreen.storyboard */ = {
			isa = PBXVariantGroup;
			children = (
				542547FB1F725C4B00101660 /* Base */,
			);
			name = LaunchScreen.storyboard;
			sourceTree = "<group>";
		};
/* End PBXVariantGroup section */

/* Begin XCBuildConfiguration section */
		542548141F725C4C00101660 /* Debug */ = {
			isa = XCBuildConfiguration;
			buildSettings = {
				ALWAYS_SEARCH_USER_PATHS = NO;
				CLANG_ANALYZER_NONNULL = YES;
				CLANG_ANALYZER_NUMBER_OBJECT_CONVERSION = YES_AGGRESSIVE;
				CLANG_CXX_LANGUAGE_STANDARD = "gnu++0x";
				CLANG_CXX_LIBRARY = "libc++";
				CLANG_ENABLE_MODULES = YES;
				CLANG_ENABLE_OBJC_ARC = YES;
				CLANG_WARN_BOOL_CONVERSION = YES;
				CLANG_WARN_CONSTANT_CONVERSION = YES;
				CLANG_WARN_DIRECT_OBJC_ISA_USAGE = YES_ERROR;
				CLANG_WARN_DOCUMENTATION_COMMENTS = YES;
				CLANG_WARN_EMPTY_BODY = YES;
				CLANG_WARN_ENUM_CONVERSION = YES;
				CLANG_WARN_INFINITE_RECURSION = YES;
				CLANG_WARN_INT_CONVERSION = YES;
				CLANG_WARN_OBJC_ROOT_CLASS = YES_ERROR;
				CLANG_WARN_SUSPICIOUS_MOVE = YES;
				CLANG_WARN_UNREACHABLE_CODE = YES;
				CLANG_WARN__DUPLICATE_METHOD_MATCH = YES;
				"CODE_SIGN_IDENTITY[sdk=iphoneos*]" = "iPhone Developer";
				COPY_PHASE_STRIP = NO;
				DEBUG_INFORMATION_FORMAT = dwarf;
				ENABLE_STRICT_OBJC_MSGSEND = YES;
				ENABLE_TESTABILITY = YES;
				GCC_C_LANGUAGE_STANDARD = gnu99;
				GCC_DYNAMIC_NO_PIC = NO;
				GCC_NO_COMMON_BLOCKS = YES;
				GCC_OPTIMIZATION_LEVEL = 0;
				GCC_PREPROCESSOR_DEFINITIONS = (
					"DEBUG=1",
					"$(inherited)",
				);
				GCC_WARN_64_TO_32_BIT_CONVERSION = YES;
				GCC_WARN_ABOUT_RETURN_TYPE = YES_ERROR;
				GCC_WARN_UNDECLARED_SELECTOR = YES;
				GCC_WARN_UNINITIALIZED_AUTOS = YES_AGGRESSIVE;
				GCC_WARN_UNUSED_FUNCTION = YES;
				GCC_WARN_UNUSED_VARIABLE = YES;
				IPHONEOS_DEPLOYMENT_TARGET = 10.3;
				MTL_ENABLE_DEBUG_INFO = YES;
				ONLY_ACTIVE_ARCH = YES;
				SDKROOT = iphoneos;
				TARGETED_DEVICE_FAMILY = "1,2";
			};
			name = Debug;
		};
		542548151F725C4C00101660 /* Release */ = {
			isa = XCBuildConfiguration;
			buildSettings = {
				ALWAYS_SEARCH_USER_PATHS = NO;
				CLANG_ANALYZER_NONNULL = YES;
				CLANG_ANALYZER_NUMBER_OBJECT_CONVERSION = YES_AGGRESSIVE;
				CLANG_CXX_LANGUAGE_STANDARD = "gnu++0x";
				CLANG_CXX_LIBRARY = "libc++";
				CLANG_ENABLE_MODULES = YES;
				CLANG_ENABLE_OBJC_ARC = YES;
				CLANG_WARN_BOOL_CONVERSION = YES;
				CLANG_WARN_CONSTANT_CONVERSION = YES;
				CLANG_WARN_DIRECT_OBJC_ISA_USAGE = YES_ERROR;
				CLANG_WARN_DOCUMENTATION_COMMENTS = YES;
				CLANG_WARN_EMPTY_BODY = YES;
				CLANG_WARN_ENUM_CONVERSION = YES;
				CLANG_WARN_INFINITE_RECURSION = YES;
				CLANG_WARN_INT_CONVERSION = YES;
				CLANG_WARN_OBJC_ROOT_CLASS = YES_ERROR;
				CLANG_WARN_SUSPICIOUS_MOVE = YES;
				CLANG_WARN_UNREACHABLE_CODE = YES;
				CLANG_WARN__DUPLICATE_METHOD_MATCH = YES;
				"CODE_SIGN_IDENTITY[sdk=iphoneos*]" = "iPhone Developer";
				COPY_PHASE_STRIP = NO;
				DEBUG_INFORMATION_FORMAT = "dwarf-with-dsym";
				ENABLE_NS_ASSERTIONS = NO;
				ENABLE_STRICT_OBJC_MSGSEND = YES;
				GCC_C_LANGUAGE_STANDARD = gnu99;
				GCC_NO_COMMON_BLOCKS = YES;
				GCC_WARN_64_TO_32_BIT_CONVERSION = YES;
				GCC_WARN_ABOUT_RETURN_TYPE = YES_ERROR;
				GCC_WARN_UNDECLARED_SELECTOR = YES;
				GCC_WARN_UNINITIALIZED_AUTOS = YES_AGGRESSIVE;
				GCC_WARN_UNUSED_FUNCTION = YES;
				GCC_WARN_UNUSED_VARIABLE = YES;
				IPHONEOS_DEPLOYMENT_TARGET = 10.3;
				MTL_ENABLE_DEBUG_INFO = NO;
				SDKROOT = iphoneos;
				TARGETED_DEVICE_FAMILY = "1,2";
				VALIDATE_PRODUCT = YES;
			};
			name = Release;
		};
		542548171F725C4C00101660 /* Debug */ = {
			isa = XCBuildConfiguration;
			buildSettings = {
				ASSETCATALOG_COMPILER_APPICON_NAME = AppIcon;
				DEVELOPMENT_TEAM = RGDV65S23C;
				INFOPLIST_FILE = RecordingButton/Info.plist;
				LD_RUNPATH_SEARCH_PATHS = "$(inherited) @executable_path/Frameworks";
				PRODUCT_BUNDLE_IDENTIFIER = "-.Default.com.RecordingButton";
				PRODUCT_NAME = "$(TARGET_NAME)";
			};
			name = Debug;
		};
		542548181F725C4C00101660 /* Release */ = {
			isa = XCBuildConfiguration;
			buildSettings = {
				ASSETCATALOG_COMPILER_APPICON_NAME = AppIcon;
				DEVELOPMENT_TEAM = RGDV65S23C;
				INFOPLIST_FILE = RecordingButton/Info.plist;
				LD_RUNPATH_SEARCH_PATHS = "$(inherited) @executable_path/Frameworks";
				PRODUCT_BUNDLE_IDENTIFIER = "-.Default.com.RecordingButton";
				PRODUCT_NAME = "$(TARGET_NAME)";
			};
			name = Release;
		};
		5425481A1F725C4C00101660 /* Debug */ = {
			isa = XCBuildConfiguration;
			buildSettings = {
				BUNDLE_LOADER = "$(TEST_HOST)";
				INFOPLIST_FILE = RecordingButtonTests/Info.plist;
				LD_RUNPATH_SEARCH_PATHS = "$(inherited) @executable_path/Frameworks @loader_path/Frameworks";
				PRODUCT_BUNDLE_IDENTIFIER = "-.Default.com.RecordingButtonTests";
				PRODUCT_NAME = "$(TARGET_NAME)";
				TEST_HOST = "$(BUILT_PRODUCTS_DIR)/RecordingButton.app/RecordingButton";
			};
			name = Debug;
		};
		5425481B1F725C4C00101660 /* Release */ = {
			isa = XCBuildConfiguration;
			buildSettings = {
				BUNDLE_LOADER = "$(TEST_HOST)";
				INFOPLIST_FILE = RecordingButtonTests/Info.plist;
				LD_RUNPATH_SEARCH_PATHS = "$(inherited) @executable_path/Frameworks @loader_path/Frameworks";
				PRODUCT_BUNDLE_IDENTIFIER = "-.Default.com.RecordingButtonTests";
				PRODUCT_NAME = "$(TARGET_NAME)";
				TEST_HOST = "$(BUILT_PRODUCTS_DIR)/RecordingButton.app/RecordingButton";
			};
			name = Release;
		};
		5425481D1F725C4C00101660 /* Debug */ = {
			isa = XCBuildConfiguration;
			buildSettings = {
				INFOPLIST_FILE = RecordingButtonUITests/Info.plist;
				LD_RUNPATH_SEARCH_PATHS = "$(inherited) @executable_path/Frameworks @loader_path/Frameworks";
				PRODUCT_BUNDLE_IDENTIFIER = "-.Default.com.RecordingButtonUITests";
				PRODUCT_NAME = "$(TARGET_NAME)";
				TEST_TARGET_NAME = RecordingButton;
			};
			name = Debug;
		};
		5425481E1F725C4C00101660 /* Release */ = {
			isa = XCBuildConfiguration;
			buildSettings = {
				INFOPLIST_FILE = RecordingButtonUITests/Info.plist;
				LD_RUNPATH_SEARCH_PATHS = "$(inherited) @executable_path/Frameworks @loader_path/Frameworks";
				PRODUCT_BUNDLE_IDENTIFIER = "-.Default.com.RecordingButtonUITests";
				PRODUCT_NAME = "$(TARGET_NAME)";
				TEST_TARGET_NAME = RecordingButton;
			};
			name = Release;
		};
/* End XCBuildConfiguration section */

/* Begin XCConfigurationList section */
		542547E41F725C4B00101660 /* Build configuration list for PBXProject "RecordingButton" */ = {
			isa = XCConfigurationList;
			buildConfigurations = (
				542548141F725C4C00101660 /* Debug */,
				542548151F725C4C00101660 /* Release */,
			);
			defaultConfigurationIsVisible = 0;
			defaultConfigurationName = Release;
		};
		542548161F725C4C00101660 /* Build configuration list for PBXNativeTarget "RecordingButton" */ = {
			isa = XCConfigurationList;
			buildConfigurations = (
				542548171F725C4C00101660 /* Debug */,
				542548181F725C4C00101660 /* Release */,
			);
			defaultConfigurationIsVisible = 0;
		};
		542548191F725C4C00101660 /* Build configuration list for PBXNativeTarget "RecordingButtonTests" */ = {
			isa = XCConfigurationList;
			buildConfigurations = (
				5425481A1F725C4C00101660 /* Debug */,
				5425481B1F725C4C00101660 /* Release */,
			);
			defaultConfigurationIsVisible = 0;
		};
		5425481C1F725C4C00101660 /* Build configuration list for PBXNativeTarget "RecordingButtonUITests" */ = {
			isa = XCConfigurationList;
			buildConfigurations = (
				5425481D1F725C4C00101660 /* Debug */,
				5425481E1F725C4C00101660 /* Release */,
			);
			defaultConfigurationIsVisible = 0;
		};
/* End XCConfigurationList section */
	};
	rootObject = 542547E11F725C4B00101660 /* Project object */;
}
